// !$*UTF8*$!
{
	archiveVersion = 1;
	classes = {
	};
	objectVersion = 50;
	objects = {

/* Begin PBXBuildFile section */
		63B92F7E20C45A24002FE978 /* AppDelegate.swift in Sources */ = {isa = PBXBuildFile; fileRef = 63B92F7D20C45A24002FE978 /* AppDelegate.swift */; };
		63B92F8020C45A24002FE978 /* ViewController.swift in Sources */ = {isa = PBXBuildFile; fileRef = 63B92F7F20C45A24002FE978 /* ViewController.swift */; };
		63B92F8320C45A24002FE978 /* Main.storyboard in Resources */ = {isa = PBXBuildFile; fileRef = 63B92F8120C45A24002FE978 /* Main.storyboard */; };
		63B92F8520C45A26002FE978 /* Assets.xcassets in Resources */ = {isa = PBXBuildFile; fileRef = 63B92F8420C45A26002FE978 /* Assets.xcassets */; };
		63B92F8820C45A26002FE978 /* LaunchScreen.storyboard in Resources */ = {isa = PBXBuildFile; fileRef = 63B92F8620C45A26002FE978 /* LaunchScreen.storyboard */; };
		63B92F9320C45A26002FE978 /* ClubMembersTests.swift in Sources */ = {isa = PBXBuildFile; fileRef = 63B92F9220C45A26002FE978 /* ClubMembersTests.swift */; };
		63B92F9E20C45A26002FE978 /* ClubMembersUITests.swift in Sources */ = {isa = PBXBuildFile; fileRef = 63B92F9D20C45A26002FE978 /* ClubMembersUITests.swift */; };
		63B92FAC20C4804E002FE978 /* Person.swift in Sources */ = {isa = PBXBuildFile; fileRef = 63B92FAB20C4804E002FE978 /* Person.swift */; };
		63E8097220C8A96A002D6528 /* PersonController.swift in Sources */ = {isa = PBXBuildFile; fileRef = 63E8097120C8A96A002D6528 /* PersonController.swift */; };
/* End PBXBuildFile section */

/* Begin PBXContainerItemProxy section */
		63B92F8F20C45A26002FE978 /* PBXContainerItemProxy */ = {
			isa = PBXContainerItemProxy;
			containerPortal = 63B92F7220C45A24002FE978 /* Project object */;
			proxyType = 1;
			remoteGlobalIDString = 63B92F7920C45A24002FE978;
			remoteInfo = ClubMembers;
		};
		63B92F9A20C45A26002FE978 /* PBXContainerItemProxy */ = {
			isa = PBXContainerItemProxy;
			containerPortal = 63B92F7220C45A24002FE978 /* Project object */;
			proxyType = 1;
			remoteGlobalIDString = 63B92F7920C45A24002FE978;
			remoteInfo = ClubMembers;
		};
/* End PBXContainerItemProxy section */

/* Begin PBXFileReference section */
		63B92F7A20C45A24002FE978 /* ClubMembers.app */ = {isa = PBXFileReference; explicitFileType = wrapper.application; includeInIndex = 0; path = ClubMembers.app; sourceTree = BUILT_PRODUCTS_DIR; };
		63B92F7D20C45A24002FE978 /* AppDelegate.swift */ = {isa = PBXFileReference; lastKnownFileType = sourcecode.swift; path = AppDelegate.swift; sourceTree = "<group>"; };
		63B92F7F20C45A24002FE978 /* ViewController.swift */ = {isa = PBXFileReference; lastKnownFileType = sourcecode.swift; path = ViewController.swift; sourceTree = "<group>"; };
		63B92F8220C45A24002FE978 /* Base */ = {isa = PBXFileReference; lastKnownFileType = file.storyboard; name = Base; path = Base.lproj/Main.storyboard; sourceTree = "<group>"; };
		63B92F8420C45A26002FE978 /* Assets.xcassets */ = {isa = PBXFileReference; lastKnownFileType = folder.assetcatalog; path = Assets.xcassets; sourceTree = "<group>"; };
		63B92F8720C45A26002FE978 /* Base */ = {isa = PBXFileReference; lastKnownFileType = file.storyboard; name = Base; path = Base.lproj/LaunchScreen.storyboard; sourceTree = "<group>"; };
		63B92F8920C45A26002FE978 /* Info.plist */ = {isa = PBXFileReference; lastKnownFileType = text.plist.xml; path = Info.plist; sourceTree = "<group>"; };
		63B92F8E20C45A26002FE978 /* ClubMembersTests.xctest */ = {isa = PBXFileReference; explicitFileType = wrapper.cfbundle; includeInIndex = 0; path = ClubMembersTests.xctest; sourceTree = BUILT_PRODUCTS_DIR; };
		63B92F9220C45A26002FE978 /* ClubMembersTests.swift */ = {isa = PBXFileReference; lastKnownFileType = sourcecode.swift; path = ClubMembersTests.swift; sourceTree = "<group>"; };
		63B92F9420C45A26002FE978 /* Info.plist */ = {isa = PBXFileReference; lastKnownFileType = text.plist.xml; path = Info.plist; sourceTree = "<group>"; };
		63B92F9920C45A26002FE978 /* ClubMembersUITests.xctest */ = {isa = PBXFileReference; explicitFileType = wrapper.cfbundle; includeInIndex = 0; path = ClubMembersUITests.xctest; sourceTree = BUILT_PRODUCTS_DIR; };
		63B92F9D20C45A26002FE978 /* ClubMembersUITests.swift */ = {isa = PBXFileReference; lastKnownFileType = sourcecode.swift; path = ClubMembersUITests.swift; sourceTree = "<group>"; };
		63B92F9F20C45A26002FE978 /* Info.plist */ = {isa = PBXFileReference; lastKnownFileType = text.plist.xml; path = Info.plist; sourceTree = "<group>"; };
		63B92FAB20C4804E002FE978 /* Person.swift */ = {isa = PBXFileReference; lastKnownFileType = sourcecode.swift; path = Person.swift; sourceTree = "<group>"; };
		63E8097120C8A96A002D6528 /* PersonController.swift */ = {isa = PBXFileReference; lastKnownFileType = sourcecode.swift; path = PersonController.swift; sourceTree = "<group>"; };
/* End PBXFileReference section */

/* Begin PBXFrameworksBuildPhase section */
		63B92F7720C45A24002FE978 /* Frameworks */ = {
			isa = PBXFrameworksBuildPhase;
			buildActionMask = 2147483647;
			files = (
			);
			runOnlyForDeploymentPostprocessing = 0;
		};
		63B92F8B20C45A26002FE978 /* Frameworks */ = {
			isa = PBXFrameworksBuildPhase;
			buildActionMask = 2147483647;
			files = (
			);
			runOnlyForDeploymentPostprocessing = 0;
		};
		63B92F9620C45A26002FE978 /* Frameworks */ = {
			isa = PBXFrameworksBuildPhase;
			buildActionMask = 2147483647;
			files = (
			);
			runOnlyForDeploymentPostprocessing = 0;
		};
/* End PBXFrameworksBuildPhase section */

/* Begin PBXGroup section */
		63B92F7120C45A24002FE978 = {
			isa = PBXGroup;
			children = (
				63B92F7C20C45A24002FE978 /* ClubMembers */,
				63B92F9120C45A26002FE978 /* ClubMembersTests */,
				63B92F9C20C45A26002FE978 /* ClubMembersUITests */,
				63B92F7B20C45A24002FE978 /* Products */,
			);
			sourceTree = "<group>";
		};
		63B92F7B20C45A24002FE978 /* Products */ = {
			isa = PBXGroup;
			children = (
				63B92F7A20C45A24002FE978 /* ClubMembers.app */,
				63B92F8E20C45A26002FE978 /* ClubMembersTests.xctest */,
				63B92F9920C45A26002FE978 /* ClubMembersUITests.xctest */,
			);
			name = Products;
			sourceTree = "<group>";
		};
		63B92F7C20C45A24002FE978 /* ClubMembers */ = {
			isa = PBXGroup;
			children = (
				63E8097320C8A975002D6528 /* ModelController */,
				63B92F7D20C45A24002FE978 /* AppDelegate.swift */,
				63E8097020C8A951002D6528 /* Models */,
				63B92F7F20C45A24002FE978 /* ViewController.swift */,
				63B92F8120C45A24002FE978 /* Main.storyboard */,
				63B92F8420C45A26002FE978 /* Assets.xcassets */,
				63B92F8620C45A26002FE978 /* LaunchScreen.storyboard */,
				63B92F8920C45A26002FE978 /* Info.plist */,
			);
			path = ClubMembers;
			sourceTree = "<group>";
		};
		63B92F9120C45A26002FE978 /* ClubMembersTests */ = {
			isa = PBXGroup;
			children = (
				63B92F9220C45A26002FE978 /* ClubMembersTests.swift */,
				63B92F9420C45A26002FE978 /* Info.plist */,
			);
			path = ClubMembersTests;
			sourceTree = "<group>";
		};
		63B92F9C20C45A26002FE978 /* ClubMembersUITests */ = {
			isa = PBXGroup;
			children = (
				63B92F9D20C45A26002FE978 /* ClubMembersUITests.swift */,
				63B92F9F20C45A26002FE978 /* Info.plist */,
			);
			path = ClubMembersUITests;
			sourceTree = "<group>";
		};
		63E8097020C8A951002D6528 /* Models */ = {
			isa = PBXGroup;
			children = (
				63B92FAB20C4804E002FE978 /* Person.swift */,
			);
			path = Models;
			sourceTree = "<group>";
		};
		63E8097320C8A975002D6528 /* ModelController */ = {
			isa = PBXGroup;
			children = (
				63E8097120C8A96A002D6528 /* PersonController.swift */,
			);
			path = ModelController;
			sourceTree = "<group>";
		};
/* End PBXGroup section */

/* Begin PBXNativeTarget section */
		63B92F7920C45A24002FE978 /* ClubMembers */ = {
			isa = PBXNativeTarget;
			buildConfigurationList = 63B92FA220C45A26002FE978 /* Build configuration list for PBXNativeTarget "ClubMembers" */;
			buildPhases = (
				63B92F7620C45A24002FE978 /* Sources */,
				63B92F7720C45A24002FE978 /* Frameworks */,
				63B92F7820C45A24002FE978 /* Resources */,
			);
			buildRules = (
			);
			dependencies = (
			);
			name = ClubMembers;
			productName = ClubMembers;
			productReference = 63B92F7A20C45A24002FE978 /* ClubMembers.app */;
			productType = "com.apple.product-type.application";
		};
		63B92F8D20C45A26002FE978 /* ClubMembersTests */ = {
			isa = PBXNativeTarget;
			buildConfigurationList = 63B92FA520C45A26002FE978 /* Build configuration list for PBXNativeTarget "ClubMembersTests" */;
			buildPhases = (
				63B92F8A20C45A26002FE978 /* Sources */,
				63B92F8B20C45A26002FE978 /* Frameworks */,
				63B92F8C20C45A26002FE978 /* Resources */,
			);
			buildRules = (
			);
			dependencies = (
				63B92F9020C45A26002FE978 /* PBXTargetDependency */,
			);
			name = ClubMembersTests;
			productName = ClubMembersTests;
			productReference = 63B92F8E20C45A26002FE978 /* ClubMembersTests.xctest */;
			productType = "com.apple.product-type.bundle.unit-test";
		};
		63B92F9820C45A26002FE978 /* ClubMembersUITests */ = {
			isa = PBXNativeTarget;
			buildConfigurationList = 63B92FA820C45A26002FE978 /* Build configuration list for PBXNativeTarget "ClubMembersUITests" */;
			buildPhases = (
				63B92F9520C45A26002FE978 /* Sources */,
				63B92F9620C45A26002FE978 /* Frameworks */,
				63B92F9720C45A26002FE978 /* Resources */,
			);
			buildRules = (
			);
			dependencies = (
				63B92F9B20C45A26002FE978 /* PBXTargetDependency */,
			);
			name = ClubMembersUITests;
			productName = ClubMembersUITests;
			productReference = 63B92F9920C45A26002FE978 /* ClubMembersUITests.xctest */;
			productType = "com.apple.product-type.bundle.ui-testing";
		};
/* End PBXNativeTarget section */

/* Begin PBXProject section */
		63B92F7220C45A24002FE978 /* Project object */ = {
			isa = PBXProject;
			attributes = {
				LastSwiftUpdateCheck = 0940;
				LastUpgradeCheck = 0940;
				ORGANIZATIONNAME = "David Sadler";
				TargetAttributes = {
					63B92F7920C45A24002FE978 = {
						CreatedOnToolsVersion = 9.4;
					};
					63B92F8D20C45A26002FE978 = {
						CreatedOnToolsVersion = 9.4;
						TestTargetID = 63B92F7920C45A24002FE978;
					};
					63B92F9820C45A26002FE978 = {
						CreatedOnToolsVersion = 9.4;
						TestTargetID = 63B92F7920C45A24002FE978;
					};
				};
			};
			buildConfigurationList = 63B92F7520C45A24002FE978 /* Build configuration list for PBXProject "ClubMembers" */;
			compatibilityVersion = "Xcode 9.3";
			developmentRegion = en;
			hasScannedForEncodings = 0;
			knownRegions = (
				en,
				Base,
			);
			mainGroup = 63B92F7120C45A24002FE978;
			productRefGroup = 63B92F7B20C45A24002FE978 /* Products */;
			projectDirPath = "";
			projectRoot = "";
			targets = (
				63B92F7920C45A24002FE978 /* ClubMembers */,
				63B92F8D20C45A26002FE978 /* ClubMembersTests */,
				63B92F9820C45A26002FE978 /* ClubMembersUITests */,
			);
		};
/* End PBXProject section */

/* Begin PBXResourcesBuildPhase section */
		63B92F7820C45A24002FE978 /* Resources */ = {
			isa = PBXResourcesBuildPhase;
			buildActionMask = 2147483647;
			files = (
				63B92F8820C45A26002FE978 /* LaunchScreen.storyboard in Resources */,
				63B92F8520C45A26002FE978 /* Assets.xcassets in Resources */,
				63B92F8320C45A24002FE978 /* Main.storyboard in Resources */,
			);
			runOnlyForDeploymentPostprocessing = 0;
		};
		63B92F8C20C45A26002FE978 /* Resources */ = {
			isa = PBXResourcesBuildPhase;
			buildActionMask = 2147483647;
			files = (
			);
			runOnlyForDeploymentPostprocessing = 0;
		};
		63B92F9720C45A26002FE978 /* Resources */ = {
			isa = PBXResourcesBuildPhase;
			buildActionMask = 2147483647;
			files = (
			);
			runOnlyForDeploymentPostprocessing = 0;
		};
/* End PBXResourcesBuildPhase section */

/* Begin PBXSourcesBuildPhase section */
		63B92F7620C45A24002FE978 /* Sources */ = {
			isa = PBXSourcesBuildPhase;
			buildActionMask = 2147483647;
			files = (
				63E8097220C8A96A002D6528 /* PersonController.swift in Sources */,
				63B92FAC20C4804E002FE978 /* Person.swift in Sources */,
				63B92F8020C45A24002FE978 /* ViewController.swift in Sources */,
				63B92F7E20C45A24002FE978 /* AppDelegate.swift in Sources */,
			);
			runOnlyForDeploymentPostprocessing = 0;
		};
		63B92F8A20C45A26002FE978 /* Sources */ = {
			isa = PBXSourcesBuildPhase;
			buildActionMask = 2147483647;
			files = (
				63B92F9320C45A26002FE978 /* ClubMembersTests.swift in Sources */,
			);
			runOnlyForDeploymentPostprocessing = 0;
		};
		63B92F9520C45A26002FE978 /* Sources */ = {
			isa = PBXSourcesBuildPhase;
			buildActionMask = 2147483647;
			files = (
				63B92F9E20C45A26002FE978 /* ClubMembersUITests.swift in Sources */,
			);
			runOnlyForDeploymentPostprocessing = 0;
		};
/* End PBXSourcesBuildPhase section */

/* Begin PBXTargetDependency section */
		63B92F9020C45A26002FE978 /* PBXTargetDependency */ = {
			isa = PBXTargetDependency;
			target = 63B92F7920C45A24002FE978 /* ClubMembers */;
			targetProxy = 63B92F8F20C45A26002FE978 /* PBXContainerItemProxy */;
		};
		63B92F9B20C45A26002FE978 /* PBXTargetDependency */ = {
			isa = PBXTargetDependency;
			target = 63B92F7920C45A24002FE978 /* ClubMembers */;
			targetProxy = 63B92F9A20C45A26002FE978 /* PBXContainerItemProxy */;
		};
/* End PBXTargetDependency section */

/* Begin PBXVariantGroup section */
		63B92F8120C45A24002FE978 /* Main.storyboard */ = {
			isa = PBXVariantGroup;
			children = (
				63B92F8220C45A24002FE978 /* Base */,
			);
			name = Main.storyboard;
			sourceTree = "<group>";
		};
		63B92F8620C45A26002FE978 /* LaunchScreen.storyboard */ = {
			isa = PBXVariantGroup;
			children = (
				63B92F8720C45A26002FE978 /* Base */,
			);
			name = LaunchScreen.storyboard;
			sourceTree = "<group>";
		};
/* End PBXVariantGroup section */

/* Begin XCBuildConfiguration section */
		63B92FA020C45A26002FE978 /* Debug */ = {
			isa = XCBuildConfiguration;
			buildSettings = {
				ALWAYS_SEARCH_USER_PATHS = NO;
				CLANG_ANALYZER_NONNULL = YES;
				CLANG_ANALYZER_NUMBER_OBJECT_CONVERSION = YES_AGGRESSIVE;
				CLANG_CXX_LANGUAGE_STANDARD = "gnu++14";
				CLANG_CXX_LIBRARY = "libc++";
				CLANG_ENABLE_MODULES = YES;
				CLANG_ENABLE_OBJC_ARC = YES;
				CLANG_ENABLE_OBJC_WEAK = YES;
				CLANG_WARN_BLOCK_CAPTURE_AUTORELEASING = YES;
				CLANG_WARN_BOOL_CONVERSION = YES;
				CLANG_WARN_COMMA = YES;
				CLANG_WARN_CONSTANT_CONVERSION = YES;
				CLANG_WARN_DEPRECATED_OBJC_IMPLEMENTATIONS = YES;
				CLANG_WARN_DIRECT_OBJC_ISA_USAGE = YES_ERROR;
				CLANG_WARN_DOCUMENTATION_COMMENTS = YES;
				CLANG_WARN_EMPTY_BODY = YES;
				CLANG_WARN_ENUM_CONVERSION = YES;
				CLANG_WARN_INFINITE_RECURSION = YES;
				CLANG_WARN_INT_CONVERSION = YES;
				CLANG_WARN_NON_LITERAL_NULL_CONVERSION = YES;
				CLANG_WARN_OBJC_IMPLICIT_RETAIN_SELF = YES;
				CLANG_WARN_OBJC_LITERAL_CONVERSION = YES;
				CLANG_WARN_OBJC_ROOT_CLASS = YES_ERROR;
				CLANG_WARN_RANGE_LOOP_ANALYSIS = YES;
				CLANG_WARN_STRICT_PROTOTYPES = YES;
				CLANG_WARN_SUSPICIOUS_MOVE = YES;
				CLANG_WARN_UNGUARDED_AVAILABILITY = YES_AGGRESSIVE;
				CLANG_WARN_UNREACHABLE_CODE = YES;
				CLANG_WARN__DUPLICATE_METHOD_MATCH = YES;
				CODE_SIGN_IDENTITY = "iPhone Developer";
				COPY_PHASE_STRIP = NO;
				DEBUG_INFORMATION_FORMAT = dwarf;
				ENABLE_STRICT_OBJC_MSGSEND = YES;
				ENABLE_TESTABILITY = YES;
				GCC_C_LANGUAGE_STANDARD = gnu11;
				GCC_DYNAMIC_NO_PIC = NO;
				GCC_NO_COMMON_BLOCKS = YES;
				GCC_OPTIMIZATION_LEVEL = 0;
				GCC_PREPROCESSOR_DEFINITIONS = (
					"DEBUG=1",
					"$(inherited)",
				);
				GCC_WARN_64_TO_32_BIT_CONVERSION = YES;
				GCC_WARN_ABOUT_RETURN_TYPE = YES_ERROR;
				GCC_WARN_UNDECLARED_SELECTOR = YES;
				GCC_WARN_UNINITIALIZED_AUTOS = YES_AGGRESSIVE;
				GCC_WARN_UNUSED_FUNCTION = YES;
				GCC_WARN_UNUSED_VARIABLE = YES;
				IPHONEOS_DEPLOYMENT_TARGET = 11.4;
				MTL_ENABLE_DEBUG_INFO = YES;
				ONLY_ACTIVE_ARCH = YES;
				SDKROOT = iphoneos;
				SWIFT_ACTIVE_COMPILATION_CONDITIONS = DEBUG;
				SWIFT_OPTIMIZATION_LEVEL = "-Onone";
			};
			name = Debug;
		};
		63B92FA120C45A26002FE978 /* Release */ = {
			isa = XCBuildConfiguration;
			buildSettings = {
				ALWAYS_SEARCH_USER_PATHS = NO;
				CLANG_ANALYZER_NONNULL = YES;
				CLANG_ANALYZER_NUMBER_OBJECT_CONVERSION = YES_AGGRESSIVE;
				CLANG_CXX_LANGUAGE_STANDARD = "gnu++14";
				CLANG_CXX_LIBRARY = "libc++";
				CLANG_ENABLE_MODULES = YES;
				CLANG_ENABLE_OBJC_ARC = YES;
				CLANG_ENABLE_OBJC_WEAK = YES;
				CLANG_WARN_BLOCK_CAPTURE_AUTORELEASING = YES;
				CLANG_WARN_BOOL_CONVERSION = YES;
				CLANG_WARN_COMMA = YES;
				CLANG_WARN_CONSTANT_CONVERSION = YES;
				CLANG_WARN_DEPRECATED_OBJC_IMPLEMENTATIONS = YES;
				CLANG_WARN_DIRECT_OBJC_ISA_USAGE = YES_ERROR;
				CLANG_WARN_DOCUMENTATION_COMMENTS = YES;
				CLANG_WARN_EMPTY_BODY = YES;
				CLANG_WARN_ENUM_CONVERSION = YES;
				CLANG_WARN_INFINITE_RECURSION = YES;
				CLANG_WARN_INT_CONVERSION = YES;
				CLANG_WARN_NON_LITERAL_NULL_CONVERSION = YES;
				CLANG_WARN_OBJC_IMPLICIT_RETAIN_SELF = YES;
				CLANG_WARN_OBJC_LITERAL_CONVERSION = YES;
				CLANG_WARN_OBJC_ROOT_CLASS = YES_ERROR;
				CLANG_WARN_RANGE_LOOP_ANALYSIS = YES;
				CLANG_WARN_STRICT_PROTOTYPES = YES;
				CLANG_WARN_SUSPICIOUS_MOVE = YES;
				CLANG_WARN_UNGUARDED_AVAILABILITY = YES_AGGRESSIVE;
				CLANG_WARN_UNREACHABLE_CODE = YES;
				CLANG_WARN__DUPLICATE_METHOD_MATCH = YES;
				CODE_SIGN_IDENTITY = "iPhone Developer";
				COPY_PHASE_STRIP = NO;
				DEBUG_INFORMATION_FORMAT = "dwarf-with-dsym";
				ENABLE_NS_ASSERTIONS = NO;
				ENABLE_STRICT_OBJC_MSGSEND = YES;
				GCC_C_LANGUAGE_STANDARD = gnu11;
				GCC_NO_COMMON_BLOCKS = YES;
				GCC_WARN_64_TO_32_BIT_CONVERSION = YES;
				GCC_WARN_ABOUT_RETURN_TYPE = YES_ERROR;
				GCC_WARN_UNDECLARED_SELECTOR = YES;
				GCC_WARN_UNINITIALIZED_AUTOS = YES_AGGRESSIVE;
				GCC_WARN_UNUSED_FUNCTION = YES;
				GCC_WARN_UNUSED_VARIABLE = YES;
				IPHONEOS_DEPLOYMENT_TARGET = 11.4;
				MTL_ENABLE_DEBUG_INFO = NO;
				SDKROOT = iphoneos;
				SWIFT_COMPILATION_MODE = wholemodule;
				SWIFT_OPTIMIZATION_LEVEL = "-O";
				VALIDATE_PRODUCT = YES;
			};
			name = Release;
		};
		63B92FA320C45A26002FE978 /* Debug */ = {
			isa = XCBuildConfiguration;
			buildSettings = {
				ASSETCATALOG_COMPILER_APPICON_NAME = AppIcon;
				CODE_SIGN_STYLE = Automatic;
				INFOPLIST_FILE = ClubMembers/Info.plist;
				LD_RUNPATH_SEARCH_PATHS = (
					"$(inherited)",
					"@executable_path/Frameworks",
				);
				PRODUCT_BUNDLE_IDENTIFIER = "David-Sadler.ClubMembers";
				PRODUCT_NAME = "$(TARGET_NAME)";
				SWIFT_VERSION = 4.0;
				TARGETED_DEVICE_FAMILY = "1,2";
			};
			name = Debug;
		};
		63B92FA420C45A26002FE978 /* Release */ = {
			isa = XCBuildConfiguration;
			buildSettings = {
				ASSETCATALOG_COMPILER_APPICON_NAME = AppIcon;
				CODE_SIGN_STYLE = Automatic;
				INFOPLIST_FILE = ClubMembers/Info.plist;
				LD_RUNPATH_SEARCH_PATHS = (
					"$(inherited)",
					"@executable_path/Frameworks",
				);
				PRODUCT_BUNDLE_IDENTIFIER = "David-Sadler.ClubMembers";
				PRODUCT_NAME = "$(TARGET_NAME)";
				SWIFT_VERSION = 4.0;
				TARGETED_DEVICE_FAMILY = "1,2";
			};
			name = Release;
		};
		63B92FA620C45A26002FE978 /* Debug */ = {
			isa = XCBuildConfiguration;
			buildSettings = {
				ALWAYS_EMBED_SWIFT_STANDARD_LIBRARIES = YES;
				BUNDLE_LOADER = "$(TEST_HOST)";
				CODE_SIGN_STYLE = Automatic;
				INFOPLIST_FILE = ClubMembersTests/Info.plist;
				LD_RUNPATH_SEARCH_PATHS = (
					"$(inherited)",
					"@executable_path/Frameworks",
					"@loader_path/Frameworks",
				);
				PRODUCT_BUNDLE_IDENTIFIER = "David-Sadler.ClubMembersTests";
				PRODUCT_NAME = "$(TARGET_NAME)";
				SWIFT_VERSION = 4.0;
				TARGETED_DEVICE_FAMILY = "1,2";
				TEST_HOST = "$(BUILT_PRODUCTS_DIR)/ClubMembers.app/ClubMembers";
			};
			name = Debug;
		};
		63B92FA720C45A26002FE978 /* Release */ = {
			isa = XCBuildConfiguration;
			buildSettings = {
				ALWAYS_EMBED_SWIFT_STANDARD_LIBRARIES = YES;
				BUNDLE_LOADER = "$(TEST_HOST)";
				CODE_SIGN_STYLE = Automatic;
				INFOPLIST_FILE = ClubMembersTests/Info.plist;
				LD_RUNPATH_SEARCH_PATHS = (
					"$(inherited)",
					"@executable_path/Frameworks",
					"@loader_path/Frameworks",
				);
				PRODUCT_BUNDLE_IDENTIFIER = "David-Sadler.ClubMembersTests";
				PRODUCT_NAME = "$(TARGET_NAME)";
				SWIFT_VERSION = 4.0;
				TARGETED_DEVICE_FAMILY = "1,2";
				TEST_HOST = "$(BUILT_PRODUCTS_DIR)/ClubMembers.app/ClubMembers";
			};
			name = Release;
		};
		63B92FA920C45A26002FE978 /* Debug */ = {
			isa = XCBuildConfiguration;
			buildSettings = {
				ALWAYS_EMBED_SWIFT_STANDARD_LIBRARIES = YES;
				CODE_SIGN_STYLE = Automatic;
				INFOPLIST_FILE = ClubMembersUITests/Info.plist;
				LD_RUNPATH_SEARCH_PATHS = (
					"$(inherited)",
					"@executable_path/Frameworks",
					"@loader_path/Frameworks",
				);
				PRODUCT_BUNDLE_IDENTIFIER = "David-Sadler.ClubMembersUITests";
				PRODUCT_NAME = "$(TARGET_NAME)";
				SWIFT_VERSION = 4.0;
				TARGETED_DEVICE_FAMILY = "1,2";
				TEST_TARGET_NAME = ClubMembers;
			};
			name = Debug;
		};
		63B92FAA20C45A26002FE978 /* Release */ = {
			isa = XCBuildConfiguration;
			buildSettings = {
				ALWAYS_EMBED_SWIFT_STANDARD_LIBRARIES = YES;
				CODE_SIGN_STYLE = Automatic;
				INFOPLIST_FILE = ClubMembersUITests/Info.plist;
				LD_RUNPATH_SEARCH_PATHS = (
					"$(inherited)",
					"@executable_path/Frameworks",
					"@loader_path/Frameworks",
				);
				PRODUCT_BUNDLE_IDENTIFIER = "David-Sadler.ClubMembersUITests";
				PRODUCT_NAME = "$(TARGET_NAME)";
				SWIFT_VERSION = 4.0;
				TARGETED_DEVICE_FAMILY = "1,2";
				TEST_TARGET_NAME = ClubMembers;
			};
			name = Release;
		};
/* End XCBuildConfiguration section */

/* Begin XCConfigurationList section */
		63B92F7520C45A24002FE978 /* Build configuration list for PBXProject "ClubMembers" */ = {
			isa = XCConfigurationList;
			buildConfigurations = (
				63B92FA020C45A26002FE978 /* Debug */,
				63B92FA120C45A26002FE978 /* Release */,
			);
			defaultConfigurationIsVisible = 0;
			defaultConfigurationName = Release;
		};
		63B92FA220C45A26002FE978 /* Build configuration list for PBXNativeTarget "ClubMembers" */ = {
			isa = XCConfigurationList;
			buildConfigurations = (
				63B92FA320C45A26002FE978 /* Debug */,
				63B92FA420C45A26002FE978 /* Release */,
			);
			defaultConfigurationIsVisible = 0;
			defaultConfigurationName = Release;
		};
		63B92FA520C45A26002FE978 /* Build configuration list for PBXNativeTarget "ClubMembersTests" */ = {
			isa = XCConfigurationList;
			buildConfigurations = (
				63B92FA620C45A26002FE978 /* Debug */,
				63B92FA720C45A26002FE978 /* Release */,
			);
			defaultConfigurationIsVisible = 0;
			defaultConfigurationName = Release;
		};
		63B92FA820C45A26002FE978 /* Build configuration list for PBXNativeTarget "ClubMembersUITests" */ = {
			isa = XCConfigurationList;
			buildConfigurations = (
				63B92FA920C45A26002FE978 /* Debug */,
				63B92FAA20C45A26002FE978 /* Release */,
			);
			defaultConfigurationIsVisible = 0;
			defaultConfigurationName = Release;
		};
/* End XCConfigurationList section */
	};
	rootObject = 63B92F7220C45A24002FE978 /* Project object */;
}
